
Microsoft Visual Studio Solution File, Format Version 12.00
# Visual Studio Version 16
VisualStudioVersion = 16.0.30011.22
MinimumVisualStudioVersion = 10.0.40219.1
Project("{9A19103F-16F7-4668-BE54-9A1E7A4F7556}") = "LearningAnalytics.API", "LearningAnalytics.API\LearningAnalytics.API.csproj", "{BC672BE2-0A0F-4E9C-AF9F-D08A16BD6E96}"
EndProject
Global
	GlobalSection(SolutionConfigurationPlatforms) = preSolution
		Debug|Any CPU = Debug|Any CPU
		Release|Any CPU = Release|Any CPU
	EndGlobalSection
	GlobalSection(ProjectConfigurationPlatforms) = postSolution
		{BC672BE2-0A0F-4E9C-AF9F-D08A16BD6E96}.Debug|Any CPU.ActiveCfg = Debug|Any CPU
		{BC672BE2-0A0F-4E9C-AF9F-D08A16BD6E96}.Debug|Any CPU.Build.0 = Debug|Any CPU
		{BC672BE2-0A0F-4E9C-AF9F-D08A16BD6E96}.Release|Any CPU.ActiveCfg = Release|Any CPU
		{BC672BE2-0A0F-4E9C-AF9F-D08A16BD6E96}.Release|Any CPU.Build.0 = Release|Any CPU
	EndGlobalSection
	GlobalSection(SolutionProperties) = preSolution
		HideSolutionNode = FALSE
	EndGlobalSection
	GlobalSection(ExtensibilityGlobals) = postSolution
		SolutionGuid = {A37418C6-9130-4D0A-97AC-BA3F9740E198}
	EndGlobalSection
EndGlobal
